
Microsoft Visual Studio Solution File, Format Version 12.00
# Visual Studio Version 16
VisualStudioVersion = 16.0.29509.3
MinimumVisualStudioVersion = 10.0.40219.1
Project("{FAE04EC0-301F-11D3-BF4B-00C04F79EFBC}") = "Neo4jTest", "Neo4jTest\Neo4jTest.csproj", "{3AEE3B47-8FCB-4B31-8D48-84B2C6F5AAFE}"
EndProject
Global
	GlobalSection(SolutionConfigurationPlatforms) = preSolution
		Debug|Any CPU = Debug|Any CPU
		Release|Any CPU = Release|Any CPU
	EndGlobalSection
	GlobalSection(ProjectConfigurationPlatforms) = postSolution
		{3AEE3B47-8FCB-4B31-8D48-84B2C6F5AAFE}.Debug|Any CPU.ActiveCfg = Debug|Any CPU
		{3AEE3B47-8FCB-4B31-8D48-84B2C6F5AAFE}.Debug|Any CPU.Build.0 = Debug|Any CPU
		{3AEE3B47-8FCB-4B31-8D48-84B2C6F5AAFE}.Release|Any CPU.ActiveCfg = Release|Any CPU
		{3AEE3B47-8FCB-4B31-8D48-84B2C6F5AAFE}.Release|Any CPU.Build.0 = Release|Any CPU
	EndGlobalSection
	GlobalSection(SolutionProperties) = preSolution
		HideSolutionNode = FALSE
	EndGlobalSection
	GlobalSection(ExtensibilityGlobals) = postSolution
		SolutionGuid = {DAEBC9BB-E4E0-44C0-95B5-BAA109869C3D}
	EndGlobalSection
EndGlobal
